
Microsoft Visual Studio Solution File, Format Version 12.00
# Visual Studio Version 17
VisualStudioVersion = 17.4.33403.182
MinimumVisualStudioVersion = 10.0.40219.1
Project("{9A19103F-16F7-4668-BE54-9A1E7A4F7556}") = "FlickrNetCore", "FlickrNet\FlickrNetCore.csproj", "{0AE4D06D-8109-41A7-927F-FA642288DAE9}"
EndProject
Project("{9A19103F-16F7-4668-BE54-9A1E7A4F7556}") = "FlickrNetCore.Test", "FlickrNetTest\FlickrNetCore.Test.csproj", "{FCF09E7F-278D-462C-A7B6-DA84A079B094}"
EndProject
Global
	GlobalSection(SolutionConfigurationPlatforms) = preSolution
		Debug|Any CPU = Debug|Any CPU
		Release|Any CPU = Release|Any CPU
	EndGlobalSection
	GlobalSection(ProjectConfigurationPlatforms) = postSolution
		{0AE4D06D-8109-41A7-927F-FA642288DAE9}.Debug|Any CPU.ActiveCfg = Debug|Any CPU
		{0AE4D06D-8109-41A7-927F-FA642288DAE9}.Debug|Any CPU.Build.0 = Debug|Any CPU
		{0AE4D06D-8109-41A7-927F-FA642288DAE9}.Release|Any CPU.ActiveCfg = Release|Any CPU
		{0AE4D06D-8109-41A7-927F-FA642288DAE9}.Release|Any CPU.Build.0 = Release|Any CPU
		{FCF09E7F-278D-462C-A7B6-DA84A079B094}.Debug|Any CPU.ActiveCfg = Debug|Any CPU
		{FCF09E7F-278D-462C-A7B6-DA84A079B094}.Debug|Any CPU.Build.0 = Debug|Any CPU
		{FCF09E7F-278D-462C-A7B6-DA84A079B094}.Release|Any CPU.ActiveCfg = Release|Any CPU
		{FCF09E7F-278D-462C-A7B6-DA84A079B094}.Release|Any CPU.Build.0 = Release|Any CPU
	EndGlobalSection
	GlobalSection(SolutionProperties) = preSolution
		HideSolutionNode = FALSE
	EndGlobalSection
	GlobalSection(ExtensibilityGlobals) = postSolution
		SolutionGuid = {8608FC6F-6993-4497-988C-74540C3A7DBE}
	EndGlobalSection
EndGlobal
